// !$*UTF8*$!
{
	archiveVersion = 1;
	classes = {
	};
	objectVersion = 55;
	objects = {

/* Begin PBXBuildFile section */
		700EA9352827B018005191A1 /* EnabledView.swift in Sources */ = {isa = PBXBuildFile; fileRef = 700EA9342827B018005191A1 /* EnabledView.swift */; };
		700EA9362827B018005191A1 /* EnabledView.swift in Sources */ = {isa = PBXBuildFile; fileRef = 700EA9342827B018005191A1 /* EnabledView.swift */; };
		700EA9392827B3A5005191A1 /* WrappedBindingView.swift in Sources */ = {isa = PBXBuildFile; fileRef = 700EA9382827B3A5005191A1 /* WrappedBindingView.swift */; };
		700EA93A2827B3A5005191A1 /* WrappedBindingView.swift in Sources */ = {isa = PBXBuildFile; fileRef = 700EA9382827B3A5005191A1 /* WrappedBindingView.swift */; };
		701CAB61280428DE00A2D597 /* WhenView.swift in Sources */ = {isa = PBXBuildFile; fileRef = 701CAB60280428DE00A2D597 /* WhenView.swift */; };
		701CAB62280428DE00A2D597 /* WhenView.swift in Sources */ = {isa = PBXBuildFile; fileRef = 701CAB60280428DE00A2D597 /* WhenView.swift */; };
		701E6B8E280BBD9000B026C7 /* WhenLetView.swift in Sources */ = {isa = PBXBuildFile; fileRef = 701E6B8D280BBD9000B026C7 /* WhenLetView.swift */; };
		701E6B8F280BBD9000B026C7 /* WhenLetView.swift in Sources */ = {isa = PBXBuildFile; fileRef = 701E6B8D280BBD9000B026C7 /* WhenLetView.swift */; };
		7042255E280BDAAB00B9F336 /* DebugView.swift in Sources */ = {isa = PBXBuildFile; fileRef = 7042255D280BDAAB00B9F336 /* DebugView.swift */; };
		7042255F280BDAAB00B9F336 /* DebugView.swift in Sources */ = {isa = PBXBuildFile; fileRef = 7042255D280BDAAB00B9F336 /* DebugView.swift */; };
		70422562280BDF7E00B9F336 /* Section+UpperCompatible.swift in Sources */ = {isa = PBXBuildFile; fileRef = 70422561280BDF7E00B9F336 /* Section+UpperCompatible.swift */; };
		70422563280BE31100B9F336 /* Section+UpperCompatible.swift in Sources */ = {isa = PBXBuildFile; fileRef = 70422561280BDF7E00B9F336 /* Section+UpperCompatible.swift */; };
		70914AA02803F88200358A9C /* SliderView.swift in Sources */ = {isa = PBXBuildFile; fileRef = 70914A9F2803F88200358A9C /* SliderView.swift */; };
		70914AA12803F88200358A9C /* SliderView.swift in Sources */ = {isa = PBXBuildFile; fileRef = 70914A9F2803F88200358A9C /* SliderView.swift */; };
		70914AA32803FC8800358A9C /* BindingOptionalView.swift in Sources */ = {isa = PBXBuildFile; fileRef = 70914AA22803FC8800358A9C /* BindingOptionalView.swift */; };
		70914AA42803FC8800358A9C /* BindingOptionalView.swift in Sources */ = {isa = PBXBuildFile; fileRef = 70914AA22803FC8800358A9C /* BindingOptionalView.swift */; };
		70AE25C9280947F900A9E517 /* BorderSampleView.swift in Sources */ = {isa = PBXBuildFile; fileRef = 70AE25C8280947F900A9E517 /* BorderSampleView.swift */; };
		70AE25CA280947F900A9E517 /* BorderSampleView.swift in Sources */ = {isa = PBXBuildFile; fileRef = 70AE25C8280947F900A9E517 /* BorderSampleView.swift */; };
		70E35F5927FBDC4000483D24 /* ExampleApp.swift in Sources */ = {isa = PBXBuildFile; fileRef = 70E35F4927FBDC3F00483D24 /* ExampleApp.swift */; };
		70E35F5A27FBDC4000483D24 /* ExampleApp.swift in Sources */ = {isa = PBXBuildFile; fileRef = 70E35F4927FBDC3F00483D24 /* ExampleApp.swift */; };
		70E35F5B27FBDC4000483D24 /* ContentView.swift in Sources */ = {isa = PBXBuildFile; fileRef = 70E35F4A27FBDC3F00483D24 /* ContentView.swift */; };
		70E35F5C27FBDC4000483D24 /* ContentView.swift in Sources */ = {isa = PBXBuildFile; fileRef = 70E35F4A27FBDC3F00483D24 /* ContentView.swift */; };
		70E35F5D27FBDC4000483D24 /* Assets.xcassets in Resources */ = {isa = PBXBuildFile; fileRef = 70E35F4B27FBDC4000483D24 /* Assets.xcassets */; };
		70E35F5E27FBDC4000483D24 /* Assets.xcassets in Resources */ = {isa = PBXBuildFile; fileRef = 70E35F4B27FBDC4000483D24 /* Assets.xcassets */; };
		70E35F6E27FBDF8F00483D24 /* SwiftUICommon in Frameworks */ = {isa = PBXBuildFile; productRef = 70E35F6D27FBDF8F00483D24 /* SwiftUICommon */; };
		70E35F7027FBDFA200483D24 /* SwiftUICommon in Frameworks */ = {isa = PBXBuildFile; productRef = 70E35F6F27FBDFA200483D24 /* SwiftUICommon */; };
		70E35F7227FBE71B00483D24 /* SampleWebView.swift in Sources */ = {isa = PBXBuildFile; fileRef = 70E35F7127FBE71B00483D24 /* SampleWebView.swift */; };
		70E35F7327FBE71B00483D24 /* SampleWebView.swift in Sources */ = {isa = PBXBuildFile; fileRef = 70E35F7127FBE71B00483D24 /* SampleWebView.swift */; };
/* End PBXBuildFile section */

/* Begin PBXFileReference section */
		700EA9342827B018005191A1 /* EnabledView.swift */ = {isa = PBXFileReference; lastKnownFileType = sourcecode.swift; path = EnabledView.swift; sourceTree = "<group>"; };
		700EA9382827B3A5005191A1 /* WrappedBindingView.swift */ = {isa = PBXFileReference; lastKnownFileType = sourcecode.swift; path = WrappedBindingView.swift; sourceTree = "<group>"; };
		701CAB60280428DE00A2D597 /* WhenView.swift */ = {isa = PBXFileReference; lastKnownFileType = sourcecode.swift; path = WhenView.swift; sourceTree = "<group>"; };
		701E6B8D280BBD9000B026C7 /* WhenLetView.swift */ = {isa = PBXFileReference; lastKnownFileType = sourcecode.swift; path = WhenLetView.swift; sourceTree = "<group>"; };
		7042255D280BDAAB00B9F336 /* DebugView.swift */ = {isa = PBXFileReference; lastKnownFileType = sourcecode.swift; path = DebugView.swift; sourceTree = "<group>"; };
		70422561280BDF7E00B9F336 /* Section+UpperCompatible.swift */ = {isa = PBXFileReference; lastKnownFileType = sourcecode.swift; path = "Section+UpperCompatible.swift"; sourceTree = "<group>"; };
		70914A9F2803F88200358A9C /* SliderView.swift */ = {isa = PBXFileReference; lastKnownFileType = sourcecode.swift; path = SliderView.swift; sourceTree = "<group>"; };
		70914AA22803FC8800358A9C /* BindingOptionalView.swift */ = {isa = PBXFileReference; lastKnownFileType = sourcecode.swift; path = BindingOptionalView.swift; sourceTree = "<group>"; };
		70AE25C8280947F900A9E517 /* BorderSampleView.swift */ = {isa = PBXFileReference; lastKnownFileType = sourcecode.swift; path = BorderSampleView.swift; sourceTree = "<group>"; };
		70E35F4927FBDC3F00483D24 /* ExampleApp.swift */ = {isa = PBXFileReference; lastKnownFileType = sourcecode.swift; path = ExampleApp.swift; sourceTree = "<group>"; };
		70E35F4A27FBDC3F00483D24 /* ContentView.swift */ = {isa = PBXFileReference; lastKnownFileType = sourcecode.swift; path = ContentView.swift; sourceTree = "<group>"; };
		70E35F4B27FBDC4000483D24 /* Assets.xcassets */ = {isa = PBXFileReference; lastKnownFileType = folder.assetcatalog; path = Assets.xcassets; sourceTree = "<group>"; };
		70E35F5027FBDC4000483D24 /* Example.app */ = {isa = PBXFileReference; explicitFileType = wrapper.application; includeInIndex = 0; path = Example.app; sourceTree = BUILT_PRODUCTS_DIR; };
		70E35F5627FBDC4000483D24 /* Example.app */ = {isa = PBXFileReference; explicitFileType = wrapper.application; includeInIndex = 0; path = Example.app; sourceTree = BUILT_PRODUCTS_DIR; };
		70E35F5827FBDC4000483D24 /* macOS.entitlements */ = {isa = PBXFileReference; lastKnownFileType = text.plist.entitlements; path = macOS.entitlements; sourceTree = "<group>"; };
		70E35F6B27FBDF2400483D24 /* SwiftUICommon */ = {isa = PBXFileReference; lastKnownFileType = wrapper; name = SwiftUICommon; path = ..; sourceTree = "<group>"; };
		70E35F7127FBE71B00483D24 /* SampleWebView.swift */ = {isa = PBXFileReference; lastKnownFileType = sourcecode.swift; path = SampleWebView.swift; sourceTree = "<group>"; };
/* End PBXFileReference section */

/* Begin PBXFrameworksBuildPhase section */
		70E35F4D27FBDC4000483D24 /* Frameworks */ = {
			isa = PBXFrameworksBuildPhase;
			buildActionMask = 2147483647;
			files = (
				70E35F6E27FBDF8F00483D24 /* SwiftUICommon in Frameworks */,
			);
			runOnlyForDeploymentPostprocessing = 0;
		};
		70E35F5327FBDC4000483D24 /* Frameworks */ = {
			isa = PBXFrameworksBuildPhase;
			buildActionMask = 2147483647;
			files = (
				70E35F7027FBDFA200483D24 /* SwiftUICommon in Frameworks */,
			);
			runOnlyForDeploymentPostprocessing = 0;
		};
/* End PBXFrameworksBuildPhase section */

/* Begin PBXGroup section */
		700EA9372827B38D005191A1 /* Binding */ = {
			isa = PBXGroup;
			children = (
				70914A9F2803F88200358A9C /* SliderView.swift */,
				70914AA22803FC8800358A9C /* BindingOptionalView.swift */,
				700EA9382827B3A5005191A1 /* WrappedBindingView.swift */,
			);
			path = Binding;
			sourceTree = "<group>";
		};
		70422560280BDF6200B9F336 /* Extension */ = {
			isa = PBXGroup;
			children = (
				70422561280BDF7E00B9F336 /* Section+UpperCompatible.swift */,
			);
			path = Extension;
			sourceTree = "<group>";
		};
		70E35F4327FBDC3F00483D24 = {
			isa = PBXGroup;
			children = (
				70E35F6A27FBDF2400483D24 /* Packages */,
				70E35F4827FBDC3F00483D24 /* Shared */,
				70E35F5727FBDC4000483D24 /* macOS */,
				70E35F5127FBDC4000483D24 /* Products */,
				70E35F6C27FBDF8F00483D24 /* Frameworks */,
			);
			sourceTree = "<group>";
		};
		70E35F4827FBDC3F00483D24 /* Shared */ = {
			isa = PBXGroup;
			children = (
				70422560280BDF6200B9F336 /* Extension */,
				70E35F7427FBECEE00483D24 /* View */,
				70E35F4927FBDC3F00483D24 /* ExampleApp.swift */,
				70E35F4A27FBDC3F00483D24 /* ContentView.swift */,
				70E35F4B27FBDC4000483D24 /* Assets.xcassets */,
			);
			path = Shared;
			sourceTree = "<group>";
		};
		70E35F5127FBDC4000483D24 /* Products */ = {
			isa = PBXGroup;
			children = (
				70E35F5027FBDC4000483D24 /* Example.app */,
				70E35F5627FBDC4000483D24 /* Example.app */,
			);
			name = Products;
			sourceTree = "<group>";
		};
		70E35F5727FBDC4000483D24 /* macOS */ = {
			isa = PBXGroup;
			children = (
				70E35F5827FBDC4000483D24 /* macOS.entitlements */,
			);
			path = macOS;
			sourceTree = "<group>";
		};
		70E35F6A27FBDF2400483D24 /* Packages */ = {
			isa = PBXGroup;
			children = (
				70E35F6B27FBDF2400483D24 /* SwiftUICommon */,
			);
			name = Packages;
			sourceTree = "<group>";
		};
		70E35F6C27FBDF8F00483D24 /* Frameworks */ = {
			isa = PBXGroup;
			children = (
			);
			name = Frameworks;
			sourceTree = "<group>";
		};
		70E35F7427FBECEE00483D24 /* View */ = {
			isa = PBXGroup;
			children = (
				700EA9372827B38D005191A1 /* Binding */,
				70E35F7127FBE71B00483D24 /* SampleWebView.swift */,
				7042255D280BDAAB00B9F336 /* DebugView.swift */,
				701CAB60280428DE00A2D597 /* WhenView.swift */,
				700EA9342827B018005191A1 /* EnabledView.swift */,
				701E6B8D280BBD9000B026C7 /* WhenLetView.swift */,
				70AE25C8280947F900A9E517 /* BorderSampleView.swift */,
			);
			path = View;
			sourceTree = "<group>";
		};
/* End PBXGroup section */

/* Begin PBXNativeTarget section */
		70E35F4F27FBDC4000483D24 /* Example (iOS) */ = {
			isa = PBXNativeTarget;
			buildConfigurationList = 70E35F6127FBDC4000483D24 /* Build configuration list for PBXNativeTarget "Example (iOS)" */;
			buildPhases = (
				70E35F4C27FBDC4000483D24 /* Sources */,
				70E35F4D27FBDC4000483D24 /* Frameworks */,
				70E35F4E27FBDC4000483D24 /* Resources */,
			);
			buildRules = (
			);
			dependencies = (
			);
			name = "Example (iOS)";
			packageProductDependencies = (
				70E35F6D27FBDF8F00483D24 /* SwiftUICommon */,
			);
			productName = "Example (iOS)";
			productReference = 70E35F5027FBDC4000483D24 /* Example.app */;
			productType = "com.apple.product-type.application";
		};
		70E35F5527FBDC4000483D24 /* Example (macOS) */ = {
			isa = PBXNativeTarget;
			buildConfigurationList = 70E35F6427FBDC4000483D24 /* Build configuration list for PBXNativeTarget "Example (macOS)" */;
			buildPhases = (
				70E35F5227FBDC4000483D24 /* Sources */,
				70E35F5327FBDC4000483D24 /* Frameworks */,
				70E35F5427FBDC4000483D24 /* Resources */,
			);
			buildRules = (
			);
			dependencies = (
			);
			name = "Example (macOS)";
			packageProductDependencies = (
				70E35F6F27FBDFA200483D24 /* SwiftUICommon */,
			);
			productName = "Example (macOS)";
			productReference = 70E35F5627FBDC4000483D24 /* Example.app */;
			productType = "com.apple.product-type.application";
		};
/* End PBXNativeTarget section */

/* Begin PBXProject section */
		70E35F4427FBDC3F00483D24 /* Project object */ = {
			isa = PBXProject;
			attributes = {
				BuildIndependentTargetsInParallel = 1;
				LastSwiftUpdateCheck = 1330;
				LastUpgradeCheck = 1330;
				TargetAttributes = {
					70E35F4F27FBDC4000483D24 = {
						CreatedOnToolsVersion = 13.3;
					};
					70E35F5527FBDC4000483D24 = {
						CreatedOnToolsVersion = 13.3;
					};
				};
			};
			buildConfigurationList = 70E35F4727FBDC3F00483D24 /* Build configuration list for PBXProject "Example" */;
			compatibilityVersion = "Xcode 13.0";
			developmentRegion = en;
			hasScannedForEncodings = 0;
			knownRegions = (
				en,
				Base,
			);
			mainGroup = 70E35F4327FBDC3F00483D24;
			productRefGroup = 70E35F5127FBDC4000483D24 /* Products */;
			projectDirPath = "";
			projectRoot = "";
			targets = (
				70E35F4F27FBDC4000483D24 /* Example (iOS) */,
				70E35F5527FBDC4000483D24 /* Example (macOS) */,
			);
		};
/* End PBXProject section */

/* Begin PBXResourcesBuildPhase section */
		70E35F4E27FBDC4000483D24 /* Resources */ = {
			isa = PBXResourcesBuildPhase;
			buildActionMask = 2147483647;
			files = (
				70E35F5D27FBDC4000483D24 /* Assets.xcassets in Resources */,
			);
			runOnlyForDeploymentPostprocessing = 0;
		};
		70E35F5427FBDC4000483D24 /* Resources */ = {
			isa = PBXResourcesBuildPhase;
			buildActionMask = 2147483647;
			files = (
				70E35F5E27FBDC4000483D24 /* Assets.xcassets in Resources */,
			);
			runOnlyForDeploymentPostprocessing = 0;
		};
/* End PBXResourcesBuildPhase section */

/* Begin PBXSourcesBuildPhase section */
		70E35F4C27FBDC4000483D24 /* Sources */ = {
			isa = PBXSourcesBuildPhase;
			buildActionMask = 2147483647;
			files = (
				700EA9392827B3A5005191A1 /* WrappedBindingView.swift in Sources */,
				7042255E280BDAAB00B9F336 /* DebugView.swift in Sources */,
				701CAB61280428DE00A2D597 /* WhenView.swift in Sources */,
				70AE25C9280947F900A9E517 /* BorderSampleView.swift in Sources */,
				70E35F5B27FBDC4000483D24 /* ContentView.swift in Sources */,
				70422562280BDF7E00B9F336 /* Section+UpperCompatible.swift in Sources */,
				70914AA02803F88200358A9C /* SliderView.swift in Sources */,
				701E6B8E280BBD9000B026C7 /* WhenLetView.swift in Sources */,
				700EA9352827B018005191A1 /* EnabledView.swift in Sources */,
				70914AA32803FC8800358A9C /* BindingOptionalView.swift in Sources */,
				70E35F7227FBE71B00483D24 /* SampleWebView.swift in Sources */,
				70E35F5927FBDC4000483D24 /* ExampleApp.swift in Sources */,
			);
			runOnlyForDeploymentPostprocessing = 0;
		};
		70E35F5227FBDC4000483D24 /* Sources */ = {
			isa = PBXSourcesBuildPhase;
			buildActionMask = 2147483647;
			files = (
				700EA93A2827B3A5005191A1 /* WrappedBindingView.swift in Sources */,
				7042255F280BDAAB00B9F336 /* DebugView.swift in Sources */,
				701CAB62280428DE00A2D597 /* WhenView.swift in Sources */,
				70AE25CA280947F900A9E517 /* BorderSampleView.swift in Sources */,
				70E35F5C27FBDC4000483D24 /* ContentView.swift in Sources */,
				70422563280BE31100B9F336 /* Section+UpperCompatible.swift in Sources */,
				70914AA12803F88200358A9C /* SliderView.swift in Sources */,
				701E6B8F280BBD9000B026C7 /* WhenLetView.swift in Sources */,
				700EA9362827B018005191A1 /* EnabledView.swift in Sources */,
				70914AA42803FC8800358A9C /* BindingOptionalView.swift in Sources */,
				70E35F7327FBE71B00483D24 /* SampleWebView.swift in Sources */,
				70E35F5A27FBDC4000483D24 /* ExampleApp.swift in Sources */,
			);
			runOnlyForDeploymentPostprocessing = 0;
		};
/* End PBXSourcesBuildPhase section */

/* Begin XCBuildConfiguration section */
		70E35F5F27FBDC4000483D24 /* Debug */ = {
			isa = XCBuildConfiguration;
			buildSettings = {
				ALWAYS_SEARCH_USER_PATHS = NO;
				CLANG_ANALYZER_NONNULL = YES;
				CLANG_ANALYZER_NUMBER_OBJECT_CONVERSION = YES_AGGRESSIVE;
				CLANG_CXX_LANGUAGE_STANDARD = "gnu++17";
				CLANG_ENABLE_MODULES = YES;
				CLANG_ENABLE_OBJC_ARC = YES;
				CLANG_ENABLE_OBJC_WEAK = YES;
				CLANG_WARN_BLOCK_CAPTURE_AUTORELEASING = YES;
				CLANG_WARN_BOOL_CONVERSION = YES;
				CLANG_WARN_COMMA = YES;
				CLANG_WARN_CONSTANT_CONVERSION = YES;
				CLANG_WARN_DEPRECATED_OBJC_IMPLEMENTATIONS = YES;
				CLANG_WARN_DIRECT_OBJC_ISA_USAGE = YES_ERROR;
				CLANG_WARN_DOCUMENTATION_COMMENTS = YES;
				CLANG_WARN_EMPTY_BODY = YES;
				CLANG_WARN_ENUM_CONVERSION = YES;
				CLANG_WARN_INFINITE_RECURSION = YES;
				CLANG_WARN_INT_CONVERSION = YES;
				CLANG_WARN_NON_LITERAL_NULL_CONVERSION = YES;
				CLANG_WARN_OBJC_IMPLICIT_RETAIN_SELF = YES;
				CLANG_WARN_OBJC_LITERAL_CONVERSION = YES;
				CLANG_WARN_OBJC_ROOT_CLASS = YES_ERROR;
				CLANG_WARN_QUOTED_INCLUDE_IN_FRAMEWORK_HEADER = YES;
				CLANG_WARN_RANGE_LOOP_ANALYSIS = YES;
				CLANG_WARN_STRICT_PROTOTYPES = YES;
				CLANG_WARN_SUSPICIOUS_MOVE = YES;
				CLANG_WARN_UNGUARDED_AVAILABILITY = YES_AGGRESSIVE;
				CLANG_WARN_UNREACHABLE_CODE = YES;
				CLANG_WARN__DUPLICATE_METHOD_MATCH = YES;
				COPY_PHASE_STRIP = NO;
				DEBUG_INFORMATION_FORMAT = dwarf;
				ENABLE_STRICT_OBJC_MSGSEND = YES;
				ENABLE_TESTABILITY = YES;
				GCC_C_LANGUAGE_STANDARD = gnu11;
				GCC_DYNAMIC_NO_PIC = NO;
				GCC_NO_COMMON_BLOCKS = YES;
				GCC_OPTIMIZATION_LEVEL = 0;
				GCC_PREPROCESSOR_DEFINITIONS = (
					"DEBUG=1",
					"$(inherited)",
				);
				GCC_WARN_64_TO_32_BIT_CONVERSION = YES;
				GCC_WARN_ABOUT_RETURN_TYPE = YES_ERROR;
				GCC_WARN_UNDECLARED_SELECTOR = YES;
				GCC_WARN_UNINITIALIZED_AUTOS = YES_AGGRESSIVE;
				GCC_WARN_UNUSED_FUNCTION = YES;
				GCC_WARN_UNUSED_VARIABLE = YES;
				MTL_ENABLE_DEBUG_INFO = INCLUDE_SOURCE;
				MTL_FAST_MATH = YES;
				ONLY_ACTIVE_ARCH = YES;
				SWIFT_ACTIVE_COMPILATION_CONDITIONS = DEBUG;
				SWIFT_OPTIMIZATION_LEVEL = "-Onone";
			};
			name = Debug;
		};
		70E35F6027FBDC4000483D24 /* Release */ = {
			isa = XCBuildConfiguration;
			buildSettings = {
				ALWAYS_SEARCH_USER_PATHS = NO;
				CLANG_ANALYZER_NONNULL = YES;
				CLANG_ANALYZER_NUMBER_OBJECT_CONVERSION = YES_AGGRESSIVE;
				CLANG_CXX_LANGUAGE_STANDARD = "gnu++17";
				CLANG_ENABLE_MODULES = YES;
				CLANG_ENABLE_OBJC_ARC = YES;
				CLANG_ENABLE_OBJC_WEAK = YES;
				CLANG_WARN_BLOCK_CAPTURE_AUTORELEASING = YES;
				CLANG_WARN_BOOL_CONVERSION = YES;
				CLANG_WARN_COMMA = YES;
				CLANG_WARN_CONSTANT_CONVERSION = YES;
				CLANG_WARN_DEPRECATED_OBJC_IMPLEMENTATIONS = YES;
				CLANG_WARN_DIRECT_OBJC_ISA_USAGE = YES_ERROR;
				CLANG_WARN_DOCUMENTATION_COMMENTS = YES;
				CLANG_WARN_EMPTY_BODY = YES;
				CLANG_WARN_ENUM_CONVERSION = YES;
				CLANG_WARN_INFINITE_RECURSION = YES;
				CLANG_WARN_INT_CONVERSION = YES;
				CLANG_WARN_NON_LITERAL_NULL_CONVERSION = YES;
				CLANG_WARN_OBJC_IMPLICIT_RETAIN_SELF = YES;
				CLANG_WARN_OBJC_LITERAL_CONVERSION = YES;
				CLANG_WARN_OBJC_ROOT_CLASS = YES_ERROR;
				CLANG_WARN_QUOTED_INCLUDE_IN_FRAMEWORK_HEADER = YES;
				CLANG_WARN_RANGE_LOOP_ANALYSIS = YES;
				CLANG_WARN_STRICT_PROTOTYPES = YES;
				CLANG_WARN_SUSPICIOUS_MOVE = YES;
				CLANG_WARN_UNGUARDED_AVAILABILITY = YES_AGGRESSIVE;
				CLANG_WARN_UNREACHABLE_CODE = YES;
				CLANG_WARN__DUPLICATE_METHOD_MATCH = YES;
				COPY_PHASE_STRIP = NO;
				DEBUG_INFORMATION_FORMAT = "dwarf-with-dsym";
				ENABLE_NS_ASSERTIONS = NO;
				ENABLE_STRICT_OBJC_MSGSEND = YES;
				GCC_C_LANGUAGE_STANDARD = gnu11;
				GCC_NO_COMMON_BLOCKS = YES;
				GCC_WARN_64_TO_32_BIT_CONVERSION = YES;
				GCC_WARN_ABOUT_RETURN_TYPE = YES_ERROR;
				GCC_WARN_UNDECLARED_SELECTOR = YES;
				GCC_WARN_UNINITIALIZED_AUTOS = YES_AGGRESSIVE;
				GCC_WARN_UNUSED_FUNCTION = YES;
				GCC_WARN_UNUSED_VARIABLE = YES;
				MTL_ENABLE_DEBUG_INFO = NO;
				MTL_FAST_MATH = YES;
				SWIFT_COMPILATION_MODE = wholemodule;
				SWIFT_OPTIMIZATION_LEVEL = "-O";
			};
			name = Release;
		};
		70E35F6227FBDC4000483D24 /* Debug */ = {
			isa = XCBuildConfiguration;
			buildSettings = {
				ASSETCATALOG_COMPILER_APPICON_NAME = AppIcon;
				ASSETCATALOG_COMPILER_GLOBAL_ACCENT_COLOR_NAME = AccentColor;
				CODE_SIGN_STYLE = Automatic;
				CURRENT_PROJECT_VERSION = 1;
				DEVELOPMENT_TEAM = P437HSA6PY;
				ENABLE_PREVIEWS = YES;
				GENERATE_INFOPLIST_FILE = YES;
				INFOPLIST_KEY_UIApplicationSceneManifest_Generation = YES;
				INFOPLIST_KEY_UIApplicationSupportsIndirectInputEvents = YES;
				INFOPLIST_KEY_UILaunchScreen_Generation = YES;
				INFOPLIST_KEY_UISupportedInterfaceOrientations_iPad = "UIInterfaceOrientationPortrait UIInterfaceOrientationPortraitUpsideDown UIInterfaceOrientationLandscapeLeft UIInterfaceOrientationLandscapeRight";
				INFOPLIST_KEY_UISupportedInterfaceOrientations_iPhone = "UIInterfaceOrientationPortrait UIInterfaceOrientationLandscapeLeft UIInterfaceOrientationLandscapeRight";
				IPHONEOS_DEPLOYMENT_TARGET = 14.0;
				LD_RUNPATH_SEARCH_PATHS = (
					"$(inherited)",
					"@executable_path/Frameworks",
				);
				MARKETING_VERSION = 1.0;
				PRODUCT_BUNDLE_IDENTIFIER = tech.penginmura.Example;
				PRODUCT_NAME = Example;
				SDKROOT = iphoneos;
				SWIFT_EMIT_LOC_STRINGS = YES;
				SWIFT_VERSION = 5.0;
				TARGETED_DEVICE_FAMILY = "1,2";
			};
			name = Debug;
		};
		70E35F6327FBDC4000483D24 /* Release */ = {
			isa = XCBuildConfiguration;
			buildSettings = {
				ASSETCATALOG_COMPILER_APPICON_NAME = AppIcon;
				ASSETCATALOG_COMPILER_GLOBAL_ACCENT_COLOR_NAME = AccentColor;
				CODE_SIGN_STYLE = Automatic;
				CURRENT_PROJECT_VERSION = 1;
				DEVELOPMENT_TEAM = P437HSA6PY;
				ENABLE_PREVIEWS = YES;
				GENERATE_INFOPLIST_FILE = YES;
				INFOPLIST_KEY_UIApplicationSceneManifest_Generation = YES;
				INFOPLIST_KEY_UIApplicationSupportsIndirectInputEvents = YES;
				INFOPLIST_KEY_UILaunchScreen_Generation = YES;
				INFOPLIST_KEY_UISupportedInterfaceOrientations_iPad = "UIInterfaceOrientationPortrait UIInterfaceOrientationPortraitUpsideDown UIInterfaceOrientationLandscapeLeft UIInterfaceOrientationLandscapeRight";
				INFOPLIST_KEY_UISupportedInterfaceOrientations_iPhone = "UIInterfaceOrientationPortrait UIInterfaceOrientationLandscapeLeft UIInterfaceOrientationLandscapeRight";
				IPHONEOS_DEPLOYMENT_TARGET = 14.0;
				LD_RUNPATH_SEARCH_PATHS = (
					"$(inherited)",
					"@executable_path/Frameworks",
				);
				MARKETING_VERSION = 1.0;
				PRODUCT_BUNDLE_IDENTIFIER = tech.penginmura.Example;
				PRODUCT_NAME = Example;
				SDKROOT = iphoneos;
				SWIFT_EMIT_LOC_STRINGS = YES;
				SWIFT_VERSION = 5.0;
				TARGETED_DEVICE_FAMILY = "1,2";
				VALIDATE_PRODUCT = YES;
			};
			name = Release;
		};
		70E35F6527FBDC4000483D24 /* Debug */ = {
			isa = XCBuildConfiguration;
			buildSettings = {
				ASSETCATALOG_COMPILER_APPICON_NAME = AppIcon;
				ASSETCATALOG_COMPILER_GLOBAL_ACCENT_COLOR_NAME = AccentColor;
				CODE_SIGN_ENTITLEMENTS = macOS/macOS.entitlements;
				CODE_SIGN_STYLE = Automatic;
				COMBINE_HIDPI_IMAGES = YES;
				CURRENT_PROJECT_VERSION = 1;
				DEVELOPMENT_TEAM = P437HSA6PY;
				ENABLE_HARDENED_RUNTIME = YES;
				ENABLE_PREVIEWS = YES;
				GENERATE_INFOPLIST_FILE = YES;
				INFOPLIST_KEY_NSHumanReadableCopyright = "";
				LD_RUNPATH_SEARCH_PATHS = (
					"$(inherited)",
					"@executable_path/../Frameworks",
				);
				MACOSX_DEPLOYMENT_TARGET = 11.0;
				MARKETING_VERSION = 1.0;
				PRODUCT_BUNDLE_IDENTIFIER = tech.penginmura.Example;
				PRODUCT_NAME = Example;
				SDKROOT = macosx;
				SWIFT_EMIT_LOC_STRINGS = YES;
				SWIFT_VERSION = 5.0;
			};
			name = Debug;
		};
		70E35F6627FBDC4000483D24 /* Release */ = {
			isa = XCBuildConfiguration;
			buildSettings = {
				ASSETCATALOG_COMPILER_APPICON_NAME = AppIcon;
				ASSETCATALOG_COMPILER_GLOBAL_ACCENT_COLOR_NAME = AccentColor;
				CODE_SIGN_ENTITLEMENTS = macOS/macOS.entitlements;
				CODE_SIGN_STYLE = Automatic;
				COMBINE_HIDPI_IMAGES = YES;
				CURRENT_PROJECT_VERSION = 1;
				DEVELOPMENT_TEAM = P437HSA6PY;
				ENABLE_HARDENED_RUNTIME = YES;
				ENABLE_PREVIEWS = YES;
				GENERATE_INFOPLIST_FILE = YES;
				INFOPLIST_KEY_NSHumanReadableCopyright = "";
				LD_RUNPATH_SEARCH_PATHS = (
					"$(inherited)",
					"@executable_path/../Frameworks",
				);
				MACOSX_DEPLOYMENT_TARGET = 11.0;
				MARKETING_VERSION = 1.0;
				PRODUCT_BUNDLE_IDENTIFIER = tech.penginmura.Example;
				PRODUCT_NAME = Example;
				SDKROOT = macosx;
				SWIFT_EMIT_LOC_STRINGS = YES;
				SWIFT_VERSION = 5.0;
			};
			name = Release;
		};
/* End XCBuildConfiguration section */

/* Begin XCConfigurationList section */
		70E35F4727FBDC3F00483D24 /* Build configuration list for PBXProject "Example" */ = {
			isa = XCConfigurationList;
			buildConfigurations = (
				70E35F5F27FBDC4000483D24 /* Debug */,
				70E35F6027FBDC4000483D24 /* Release */,
			);
			defaultConfigurationIsVisible = 0;
			defaultConfigurationName = Release;
		};
		70E35F6127FBDC4000483D24 /* Build configuration list for PBXNativeTarget "Example (iOS)" */ = {
			isa = XCConfigurationList;
			buildConfigurations = (
				70E35F6227FBDC4000483D24 /* Debug */,
				70E35F6327FBDC4000483D24 /* Release */,
			);
			defaultConfigurationIsVisible = 0;
			defaultConfigurationName = Release;
		};
		70E35F6427FBDC4000483D24 /* Build configuration list for PBXNativeTarget "Example (macOS)" */ = {
			isa = XCConfigurationList;
			buildConfigurations = (
				70E35F6527FBDC4000483D24 /* Debug */,
				70E35F6627FBDC4000483D24 /* Release */,
			);
			defaultConfigurationIsVisible = 0;
			defaultConfigurationName = Release;
		};
/* End XCConfigurationList section */

/* Begin XCSwiftPackageProductDependency section */
		70E35F6D27FBDF8F00483D24 /* SwiftUICommon */ = {
			isa = XCSwiftPackageProductDependency;
			productName = SwiftUICommon;
		};
		70E35F6F27FBDFA200483D24 /* SwiftUICommon */ = {
			isa = XCSwiftPackageProductDependency;
			productName = SwiftUICommon;
		};
/* End XCSwiftPackageProductDependency section */
	};
	rootObject = 70E35F4427FBDC3F00483D24 /* Project object */;
}
